
Microsoft Visual Studio Solution File, Format Version 12.00
# Visual Studio 2013
VisualStudioVersion = 12.0.21005.1
MinimumVisualStudioVersion = 10.0.40219.1
Project("{2150E333-8FDC-42A3-9474-1A3956D46DE8}") = "Domain", "Domain", "{20027379-0B07-4CE9-9919-B1D781FEAE85}"
EndProject
Project("{FAE04EC0-301F-11D3-BF4B-00C04F79EFBC}") = "WebAPI.Boilerplate.Model.Tests", "WebAPI.Boilerplate.Model.Tests\WebAPI.Boilerplate.Model.Tests.csproj", "{650C1C85-18B3-4307-93B7-369A0A81F79E}"
EndProject
Project("{2150E333-8FDC-42A3-9474-1A3956D46DE8}") = "IoC", "IoC", "{C4D8041B-7B0E-481B-B931-9D373DAE1CA8}"
EndProject
Project("{FAE04EC0-301F-11D3-BF4B-00C04F79EFBC}") = "WebAPI.Boilerplate.DependencyResolver", "WebAPI.Boilerplate.DependencyResolver\WebAPI.Boilerplate.DependencyResolver.csproj", "{840F19D9-8790-4B05-8BC8-E1DDA3C69540}"
EndProject
Project("{2150E333-8FDC-42A3-9474-1A3956D46DE8}") = "Logging", "Logging", "{FAEF0329-E08D-4FA0-B86E-4B4041C9AAAD}"
EndProject
Project("{FAE04EC0-301F-11D3-BF4B-00C04F79EFBC}") = "WebAPI.Boilerplate.Logger", "WebAPI.Boilerplate.Logger\WebAPI.Boilerplate.Logger.csproj", "{0B0F0D5A-97CE-4ABA-9C34-FDADA2BE8BC4}"
EndProject
Project("{2150E333-8FDC-42A3-9474-1A3956D46DE8}") = "Repository", "Repository", "{209C243C-DE64-4905-8F01-A0230180A118}"
EndProject
Project("{FAE04EC0-301F-11D3-BF4B-00C04F79EFBC}") = "WebAPI.Boilerplate.DataService", "WebAPI.Boilerplate.DataService\WebAPI.Boilerplate.DataService.csproj", "{4DD7BEC0-EF70-4432-9D08-A7A4706D0F8C}"
EndProject
Project("{FAE04EC0-301F-11D3-BF4B-00C04F79EFBC}") = "WebAPI.Boilerplate.DataService.Interface", "WebAPI.Boilerplate.DataService.Interface\WebAPI.Boilerplate.DataService.Interface.csproj", "{38543D92-F107-4992-AC59-614C0E31DC7B}"
EndProject
Project("{FAE04EC0-301F-11D3-BF4B-00C04F79EFBC}") = "WebAPI.Boilerplate.DataService.Tests", "WebAPI.Boilerplate.DataService.Tests\WebAPI.Boilerplate.DataService.Tests.csproj", "{E47F82A4-B1C1-4C52-ABA4-B86EB8F21319}"
EndProject
Project("{2150E333-8FDC-42A3-9474-1A3956D46DE8}") = "Service", "Service", "{32883EAF-DD83-4019-8608-A1167A2B5C4F}"
EndProject
Project("{FAE04EC0-301F-11D3-BF4B-00C04F79EFBC}") = "WebAPI.Boilerplate.BusinessService.Service", "WebAPI.Boilerplate.BusinessService.Service\WebAPI.Boilerplate.BusinessService.Service.csproj", "{90A3B76E-0B39-4F21-B039-8EBD2D6A62D6}"
EndProject
Project("{FAE04EC0-301F-11D3-BF4B-00C04F79EFBC}") = "WebAPI.Boilerplate.BusinessService.Interface", "WebAPI.Boilerplate.BusinessService.Interface\WebAPI.Boilerplate.BusinessService.Interface.csproj", "{69CB4335-809C-46AE-AEA9-E7FA4BC0CB50}"
EndProject
Project("{FAE04EC0-301F-11D3-BF4B-00C04F79EFBC}") = "WebAPI.Boilerplate.BusinessService.Tests", "WebAPI.Boilerplate.BusinessService.Tests\WebAPI.Boilerplate.BusinessService.Tests.csproj", "{D1DD5C16-D5CB-4194-B020-64AA1FD4F314}"
EndProject
Project("{2150E333-8FDC-42A3-9474-1A3956D46DE8}") = "Utility", "Utility", "{1FDE37BC-E3D7-4B34-96FF-932B2D1AE913}"
EndProject
Project("{FAE04EC0-301F-11D3-BF4B-00C04F79EFBC}") = "WebAPI.Boilerplate.Utility.Common", "WebAPI.Boilerplate.Utility.Common\WebAPI.Boilerplate.Utility.Common.csproj", "{1AFCBDFC-9308-417B-A482-9E4152B8EF3C}"
EndProject
Project("{FAE04EC0-301F-11D3-BF4B-00C04F79EFBC}") = "WebAPI.Boilerplate.Utility.Common.Tests", "WebAPI.Boilerplate.Utility.Common.Tests\WebAPI.Boilerplate.Utility.Common.Tests.csproj", "{3B32288C-ED0E-4024-814E-77556551838C}"
EndProject
Project("{2150E333-8FDC-42A3-9474-1A3956D46DE8}") = "Core", "Core", "{99E227AB-8C9F-411D-8F46-2744082971A9}"
EndProject
Project("{2150E333-8FDC-42A3-9474-1A3956D46DE8}") = "API", "API", "{54C23BB4-DA90-47C6-BC46-5839F5B2B42F}"
EndProject
Project("{FAE04EC0-301F-11D3-BF4B-00C04F79EFBC}") = "WebAPI.Boilerplate.Api", "WebAPI.Boilerplate.Api\WebAPI.Boilerplate.Api.csproj", "{701123D4-CADE-43B0-BE9E-7D0952B60F82}"
EndProject
Project("{FAE04EC0-301F-11D3-BF4B-00C04F79EFBC}") = "WebAPI.Boilerplate.Api.Tests", "WebAPI.Boilerplate.Api.Tests\WebAPI.Boilerplate.Api.Tests.csproj", "{4FA0C65B-793B-4F4D-B22F-DEF72D05B778}"
EndProject
Project("{FAE04EC0-301F-11D3-BF4B-00C04F79EFBC}") = "WebAPI.Boilerplate.Model", "WebAPI.Boilerplate.Model\WebAPI.Boilerplate.Model.csproj", "{6C37D327-F285-454E-999B-0CBFC88DDC19}"
EndProject
Global
	GlobalSection(SolutionConfigurationPlatforms) = preSolution
		Debug|Any CPU = Debug|Any CPU
		Release|Any CPU = Release|Any CPU
	EndGlobalSection
	GlobalSection(ProjectConfigurationPlatforms) = postSolution
		{650C1C85-18B3-4307-93B7-369A0A81F79E}.Debug|Any CPU.ActiveCfg = Debug|Any CPU
		{650C1C85-18B3-4307-93B7-369A0A81F79E}.Debug|Any CPU.Build.0 = Debug|Any CPU
		{650C1C85-18B3-4307-93B7-369A0A81F79E}.Release|Any CPU.ActiveCfg = Release|Any CPU
		{650C1C85-18B3-4307-93B7-369A0A81F79E}.Release|Any CPU.Build.0 = Release|Any CPU
		{840F19D9-8790-4B05-8BC8-E1DDA3C69540}.Debug|Any CPU.ActiveCfg = Debug|Any CPU
		{840F19D9-8790-4B05-8BC8-E1DDA3C69540}.Debug|Any CPU.Build.0 = Debug|Any CPU
		{840F19D9-8790-4B05-8BC8-E1DDA3C69540}.Release|Any CPU.ActiveCfg = Release|Any CPU
		{840F19D9-8790-4B05-8BC8-E1DDA3C69540}.Release|Any CPU.Build.0 = Release|Any CPU
		{0B0F0D5A-97CE-4ABA-9C34-FDADA2BE8BC4}.Debug|Any CPU.ActiveCfg = Debug|Any CPU
		{0B0F0D5A-97CE-4ABA-9C34-FDADA2BE8BC4}.Debug|Any CPU.Build.0 = Debug|Any CPU
		{0B0F0D5A-97CE-4ABA-9C34-FDADA2BE8BC4}.Release|Any CPU.ActiveCfg = Release|Any CPU
		{0B0F0D5A-97CE-4ABA-9C34-FDADA2BE8BC4}.Release|Any CPU.Build.0 = Release|Any CPU
		{4DD7BEC0-EF70-4432-9D08-A7A4706D0F8C}.Debug|Any CPU.ActiveCfg = Debug|Any CPU
		{4DD7BEC0-EF70-4432-9D08-A7A4706D0F8C}.Debug|Any CPU.Build.0 = Debug|Any CPU
		{4DD7BEC0-EF70-4432-9D08-A7A4706D0F8C}.Release|Any CPU.ActiveCfg = Release|Any CPU
		{4DD7BEC0-EF70-4432-9D08-A7A4706D0F8C}.Release|Any CPU.Build.0 = Release|Any CPU
		{38543D92-F107-4992-AC59-614C0E31DC7B}.Debug|Any CPU.ActiveCfg = Debug|Any CPU
		{38543D92-F107-4992-AC59-614C0E31DC7B}.Debug|Any CPU.Build.0 = Debug|Any CPU
		{38543D92-F107-4992-AC59-614C0E31DC7B}.Release|Any CPU.ActiveCfg = Release|Any CPU
		{38543D92-F107-4992-AC59-614C0E31DC7B}.Release|Any CPU.Build.0 = Release|Any CPU
		{E47F82A4-B1C1-4C52-ABA4-B86EB8F21319}.Debug|Any CPU.ActiveCfg = Debug|Any CPU
		{E47F82A4-B1C1-4C52-ABA4-B86EB8F21319}.Debug|Any CPU.Build.0 = Debug|Any CPU
		{E47F82A4-B1C1-4C52-ABA4-B86EB8F21319}.Release|Any CPU.ActiveCfg = Release|Any CPU
		{E47F82A4-B1C1-4C52-ABA4-B86EB8F21319}.Release|Any CPU.Build.0 = Release|Any CPU
		{90A3B76E-0B39-4F21-B039-8EBD2D6A62D6}.Debug|Any CPU.ActiveCfg = Debug|Any CPU
		{90A3B76E-0B39-4F21-B039-8EBD2D6A62D6}.Debug|Any CPU.Build.0 = Debug|Any CPU
		{90A3B76E-0B39-4F21-B039-8EBD2D6A62D6}.Release|Any CPU.ActiveCfg = Release|Any CPU
		{90A3B76E-0B39-4F21-B039-8EBD2D6A62D6}.Release|Any CPU.Build.0 = Release|Any CPU
		{69CB4335-809C-46AE-AEA9-E7FA4BC0CB50}.Debug|Any CPU.ActiveCfg = Debug|Any CPU
		{69CB4335-809C-46AE-AEA9-E7FA4BC0CB50}.Debug|Any CPU.Build.0 = Debug|Any CPU
		{69CB4335-809C-46AE-AEA9-E7FA4BC0CB50}.Release|Any CPU.ActiveCfg = Release|Any CPU
		{69CB4335-809C-46AE-AEA9-E7FA4BC0CB50}.Release|Any CPU.Build.0 = Release|Any CPU
		{D1DD5C16-D5CB-4194-B020-64AA1FD4F314}.Debug|Any CPU.ActiveCfg = Debug|Any CPU
		{D1DD5C16-D5CB-4194-B020-64AA1FD4F314}.Debug|Any CPU.Build.0 = Debug|Any CPU
		{D1DD5C16-D5CB-4194-B020-64AA1FD4F314}.Release|Any CPU.ActiveCfg = Release|Any CPU
		{D1DD5C16-D5CB-4194-B020-64AA1FD4F314}.Release|Any CPU.Build.0 = Release|Any CPU
		{1AFCBDFC-9308-417B-A482-9E4152B8EF3C}.Debug|Any CPU.ActiveCfg = Debug|Any CPU
		{1AFCBDFC-9308-417B-A482-9E4152B8EF3C}.Debug|Any CPU.Build.0 = Debug|Any CPU
		{1AFCBDFC-9308-417B-A482-9E4152B8EF3C}.Release|Any CPU.ActiveCfg = Release|Any CPU
		{1AFCBDFC-9308-417B-A482-9E4152B8EF3C}.Release|Any CPU.Build.0 = Release|Any CPU
		{3B32288C-ED0E-4024-814E-77556551838C}.Debug|Any CPU.ActiveCfg = Debug|Any CPU
		{3B32288C-ED0E-4024-814E-77556551838C}.Debug|Any CPU.Build.0 = Debug|Any CPU
		{3B32288C-ED0E-4024-814E-77556551838C}.Release|Any CPU.ActiveCfg = Release|Any CPU
		{3B32288C-ED0E-4024-814E-77556551838C}.Release|Any CPU.Build.0 = Release|Any CPU
		{701123D4-CADE-43B0-BE9E-7D0952B60F82}.Debug|Any CPU.ActiveCfg = Debug|Any CPU
		{701123D4-CADE-43B0-BE9E-7D0952B60F82}.Debug|Any CPU.Build.0 = Debug|Any CPU
		{701123D4-CADE-43B0-BE9E-7D0952B60F82}.Release|Any CPU.ActiveCfg = Release|Any CPU
		{701123D4-CADE-43B0-BE9E-7D0952B60F82}.Release|Any CPU.Build.0 = Release|Any CPU
		{4FA0C65B-793B-4F4D-B22F-DEF72D05B778}.Debug|Any CPU.ActiveCfg = Debug|Any CPU
		{4FA0C65B-793B-4F4D-B22F-DEF72D05B778}.Debug|Any CPU.Build.0 = Debug|Any CPU
		{4FA0C65B-793B-4F4D-B22F-DEF72D05B778}.Release|Any CPU.ActiveCfg = Release|Any CPU
		{4FA0C65B-793B-4F4D-B22F-DEF72D05B778}.Release|Any CPU.Build.0 = Release|Any CPU
		{6C37D327-F285-454E-999B-0CBFC88DDC19}.Debug|Any CPU.ActiveCfg = Debug|Any CPU
		{6C37D327-F285-454E-999B-0CBFC88DDC19}.Debug|Any CPU.Build.0 = Debug|Any CPU
		{6C37D327-F285-454E-999B-0CBFC88DDC19}.Release|Any CPU.ActiveCfg = Release|Any CPU
		{6C37D327-F285-454E-999B-0CBFC88DDC19}.Release|Any CPU.Build.0 = Release|Any CPU
	EndGlobalSection
	GlobalSection(SolutionProperties) = preSolution
		HideSolutionNode = FALSE
	EndGlobalSection
	GlobalSection(NestedProjects) = preSolution
		{20027379-0B07-4CE9-9919-B1D781FEAE85} = {99E227AB-8C9F-411D-8F46-2744082971A9}
		{C4D8041B-7B0E-481B-B931-9D373DAE1CA8} = {99E227AB-8C9F-411D-8F46-2744082971A9}
		{FAEF0329-E08D-4FA0-B86E-4B4041C9AAAD} = {99E227AB-8C9F-411D-8F46-2744082971A9}
		{209C243C-DE64-4905-8F01-A0230180A118} = {99E227AB-8C9F-411D-8F46-2744082971A9}
		{32883EAF-DD83-4019-8608-A1167A2B5C4F} = {99E227AB-8C9F-411D-8F46-2744082971A9}
		{1FDE37BC-E3D7-4B34-96FF-932B2D1AE913} = {99E227AB-8C9F-411D-8F46-2744082971A9}
		{650C1C85-18B3-4307-93B7-369A0A81F79E} = {20027379-0B07-4CE9-9919-B1D781FEAE85}
		{6C37D327-F285-454E-999B-0CBFC88DDC19} = {20027379-0B07-4CE9-9919-B1D781FEAE85}
		{840F19D9-8790-4B05-8BC8-E1DDA3C69540} = {C4D8041B-7B0E-481B-B931-9D373DAE1CA8}
		{0B0F0D5A-97CE-4ABA-9C34-FDADA2BE8BC4} = {FAEF0329-E08D-4FA0-B86E-4B4041C9AAAD}
		{4DD7BEC0-EF70-4432-9D08-A7A4706D0F8C} = {209C243C-DE64-4905-8F01-A0230180A118}
		{38543D92-F107-4992-AC59-614C0E31DC7B} = {209C243C-DE64-4905-8F01-A0230180A118}
		{E47F82A4-B1C1-4C52-ABA4-B86EB8F21319} = {209C243C-DE64-4905-8F01-A0230180A118}
		{90A3B76E-0B39-4F21-B039-8EBD2D6A62D6} = {32883EAF-DD83-4019-8608-A1167A2B5C4F}
		{69CB4335-809C-46AE-AEA9-E7FA4BC0CB50} = {32883EAF-DD83-4019-8608-A1167A2B5C4F}
		{D1DD5C16-D5CB-4194-B020-64AA1FD4F314} = {32883EAF-DD83-4019-8608-A1167A2B5C4F}
		{1AFCBDFC-9308-417B-A482-9E4152B8EF3C} = {1FDE37BC-E3D7-4B34-96FF-932B2D1AE913}
		{3B32288C-ED0E-4024-814E-77556551838C} = {1FDE37BC-E3D7-4B34-96FF-932B2D1AE913}
		{701123D4-CADE-43B0-BE9E-7D0952B60F82} = {54C23BB4-DA90-47C6-BC46-5839F5B2B42F}
		{4FA0C65B-793B-4F4D-B22F-DEF72D05B778} = {54C23BB4-DA90-47C6-BC46-5839F5B2B42F}
	EndGlobalSection
EndGlobal
